{
  "version": 4,
  "terraform_version": "0.12.7",
  "serial": 3,
  "lineage": "deca6eef-88c6-4a2e-5ecd-58f53d0ad1bd",
  "outputs": {
    "bucketname": {
      "value": "divi-54599",
      "type": "string"
    }
  },
  "resources": [
    {
      "mode": "managed",
      "type": "aws_s3_bucket",
      "name": "tf_code",
      "provider": "provider.aws",
      "instances": [
        {
          "schema_version": 0,
          "attributes": {
            "acceleration_status": "",
            "acl": "private",
            "arn": "arn:aws:s3:::divi-54599",
            "bucket": "divi-54599",
            "bucket_domain_name": "divi-54599.s3.amazonaws.com",
            "bucket_prefix": null,
            "bucket_regional_domain_name": "divi-54599.s3.ap-south-1.amazonaws.com",
            "cors_rule": [],
            "force_destroy": true,
            "hosted_zone_id": "Z11RGJOFQNVJUP",
            "id": "divi-54599",
            "lifecycle_rule": [],
            "logging": [],
            "object_lock_configuration": [],
            "policy": null,
            "region": "ap-south-1",
            "replication_configuration": [],
            "request_payer": "BucketOwner",
            "server_side_encryption_configuration": [],
            "tags": {
              "Name": "tf_bucket"
            },
            "versioning": [
              {
                "enabled": false,
                "mfa_delete": false
              }
            ],
            "website": [],
            "website_domain": null,
            "website_endpoint": null
          },
          "private": "bnVsbA==",
          "depends_on": [
            "random_id.tf_bucket_id"
          ]
        }
      ]
    },
    {
      "mode": "managed",
      "type": "random_id",
      "name": "tf_bucket_id",
      "provider": "provider.random",
      "instances": [
        {
          "schema_version": 0,
          "attributes": {
            "b64": "1Uc",
            "b64_std": "1Uc=",
            "b64_url": "1Uc",
            "byte_length": 2,
            "dec": "54599",
            "hex": "d547",
            "id": "1Uc",
            "keepers": null,
            "prefix": null
          },
          "private": "bnVsbA=="
        }
      ]
    }
  ]
}
