{
  "version": 4,
  "terraform_version": "0.12.7",
  "serial": 1,
  "lineage": "a1489cff-4526-d3eb-7fc2-d7a0694f06d1",
  "outputs": {},
  "resources": [
    {
      "mode": "data",
      "type": "aws_ami",
      "name": "server_ami",
      "provider": "provider.aws",
      "instances": [
        {
          "schema_version": 0,
          "attributes": {
            "architecture": "x86_64",
            "block_device_mappings": [
              {
                "device_name": "/dev/xvda",
                "ebs": {
                  "delete_on_termination": "true",
                  "encrypted": "false",
                  "iops": "0",
                  "snapshot_id": "snap-0e50f082a11995d9d",
                  "volume_size": "8",
                  "volume_type": "gp2"
                },
                "no_device": "",
                "virtual_name": ""
              }
            ],
            "creation_date": "2019-08-26T20:12:18.000Z",
            "description": "Amazon Linux AMI 2018.03.0.20190826 x86_64 HVM gp2",
            "executable_users": null,
            "filter": [
              {
                "name": "name",
                "values": [
                  "amzn-ami-hvm*-x86_64-gp2"
                ]
              }
            ],
            "hypervisor": "xen",
            "id": "ami-02913db388613c3e1",
            "image_id": "ami-02913db388613c3e1",
            "image_location": "amazon/amzn-ami-hvm-2018.03.0.20190826-x86_64-gp2",
            "image_owner_alias": "amazon",
            "image_type": "machine",
            "kernel_id": null,
            "most_recent": true,
            "name": "amzn-ami-hvm-2018.03.0.20190826-x86_64-gp2",
            "name_regex": null,
            "owner_id": "137112412989",
            "owners": [
              "amazon"
            ],
            "platform": null,
            "product_codes": [],
            "public": true,
            "ramdisk_id": null,
            "root_device_name": "/dev/xvda",
            "root_device_type": "ebs",
            "root_snapshot_id": "snap-0e50f082a11995d9d",
            "sriov_net_support": "simple",
            "state": "available",
            "state_reason": {
              "code": "UNSET",
              "message": "UNSET"
            },
            "tags": {},
            "virtualization_type": "hvm"
          }
        }
      ]
    },
    {
      "mode": "managed",
      "type": "aws_key_pair",
      "name": "tf_auth",
      "provider": "provider.aws",
      "instances": [
        {
          "schema_version": 1,
          "attributes": {
            "fingerprint": "bd:40:d4:d7:df:b8:b1:1e:38:62:6b:5a:a7:fd:77:2d",
            "id": "tfkey",
            "key_name": "tfkey",
            "key_name_prefix": null,
            "public_key": "ssh-rsa AAAAB3NzaC1yc2EAAAADAQABAAABAQC/7kS3I6oPLSsWQcJd3325K9jWcjcPCW8UPve+aEtDvk/JX/zQcB2L92U/+ttzY+nIyxKNusIYsi5kptnvKs5HkEYZQVVmIkcb6V7PPH+O9K7qqPwDoRrM8lThAbmSfzkAwy1vdhkiQ5yAWM9PB94i71WFeBLTjXdsM1CysN0108R/4J9wVTilsBRLhksSrjb9C/y1bDjiX2jSkYByssKq9PYKmEvc6gmT09BeqnhjmpI9at/0MtH8ad8PPfhBx//FA9p8drjjDsl2nbSc95sr61rj+xL+hFZamYb2twIiJE6jnc5COeUBp6g4NsZqZvutXvZp/g6NROyFIeWn6/xH prakasarul222@gmail.com"
          },
          "private": "eyJzY2hlbWFfdmVyc2lvbiI6IjEifQ=="
        }
      ]
    }
  ]
}
